
Microsoft Visual Studio Solution File, Format Version 12.00
# Visual Studio 15
VisualStudioVersion = 15.0.27703.2035
MinimumVisualStudioVersion = 10.0.40219.1
Project("{8BC9CEB8-8B4A-11D0-8D11-00A0C91BC942}") = "NamespaceAndTemplate", "NamespaceAndTemplate\NamespaceAndTemplate.vcxproj", "{2CBA6E2B-3809-4AA9-8D54-78DB51018BCE}"
EndProject
Global
	GlobalSection(SolutionConfigurationPlatforms) = preSolution
		Debug|x64 = Debug|x64
		Debug|x86 = Debug|x86
		Release|x64 = Release|x64
		Release|x86 = Release|x86
	EndGlobalSection
	GlobalSection(ProjectConfigurationPlatforms) = postSolution
		{2CBA6E2B-3809-4AA9-8D54-78DB51018BCE}.Debug|x64.ActiveCfg = Debug|x64
		{2CBA6E2B-3809-4AA9-8D54-78DB51018BCE}.Debug|x64.Build.0 = Debug|x64
		{2CBA6E2B-3809-4AA9-8D54-78DB51018BCE}.Debug|x86.ActiveCfg = Debug|Win32
		{2CBA6E2B-3809-4AA9-8D54-78DB51018BCE}.Debug|x86.Build.0 = Debug|Win32
		{2CBA6E2B-3809-4AA9-8D54-78DB51018BCE}.Release|x64.ActiveCfg = Release|x64
		{2CBA6E2B-3809-4AA9-8D54-78DB51018BCE}.Release|x64.Build.0 = Release|x64
		{2CBA6E2B-3809-4AA9-8D54-78DB51018BCE}.Release|x86.ActiveCfg = Release|Win32
		{2CBA6E2B-3809-4AA9-8D54-78DB51018BCE}.Release|x86.Build.0 = Release|Win32
	EndGlobalSection
	GlobalSection(SolutionProperties) = preSolution
		HideSolutionNode = FALSE
	EndGlobalSection
	GlobalSection(ExtensibilityGlobals) = postSolution
		SolutionGuid = {87380CBF-C0C9-4B64-98C1-00DDEB4428C8}
	EndGlobalSection
EndGlobal
